github.com/superseb/go-libs v0.0.0-20200116124112-fd98dc6d0873 h1:dDzRmNeE6nnOqHmk4rGEwpCPJ5VZeoJ+z4BwXXKEeis=
github.com/superseb/go-libs v0.0.0-20200116124112-fd98dc6d0873/go.mod h1:ChvYcSjUFP0ptT//lDFMiRNNBC9r9938lReddvIxXxU=
github.com/superseb/go-libs v0.0.0-20200116133621-cd00984f28de h1:xDK0MEdTowZDDxV3jilkCuHbLmAKmbmDOGoIkqJxC0U=
github.com/superseb/go-libs v0.0.0-20200116133621-cd00984f28de/go.mod h1:ChvYcSjUFP0ptT//lDFMiRNNBC9r9938lReddvIxXxU=
